List of packages in environment: "/workspace/scratch/0d916f7b1690/hosted-toolchain/env"

https://conda.anaconda.org/conda-forge/linux-64/_openmp_mutex-4.5-20_gnu.conda
https://conda.anaconda.org/conda-forge/linux-64/binutils_impl_linux-64-2.46.1-default_hfdba357_102.conda
https://conda.anaconda.org/conda-forge/linux-64/bison-3.8.2-h59595ed_0.conda
https://conda.anaconda.org/conda-forge/linux-64/clang-18.1.8-default_h36abe19_18.conda
https://conda.anaconda.org/conda-forge/linux-64/clang-18-18.1.8-default_h99862b1_18.conda
https://conda.anaconda.org/conda-forge/linux-64/flex-2.6.4-h58526e2_1004.tar.bz2
https://conda.anaconda.org/conda-forge/noarch/kernel-headers_linux-64-6.12.0-he073ed8_6.conda
https://conda.anaconda.org/conda-forge/linux-64/ld_impl_linux-64-2.46.1-default_hbd61a6d_102.conda
https://conda.anaconda.org/conda-forge/linux-64/libclang-cpp18.1-18.1.8-default_h99862b1_18.conda
https://conda.anaconda.org/conda-forge/linux-64/libgcc-16.2.0-ha9f2e26_4.conda
https://conda.anaconda.org/conda-forge/noarch/libgcc-devel_linux-64-16.2.0-he3ce08f_104.conda
https://conda.anaconda.org/conda-forge/linux-64/libgcc-ng-16.2.0-h69a702a_4.conda
https://conda.anaconda.org/conda-forge/linux-64/libgomp-16.2.0-he0feb66_4.conda
https://conda.anaconda.org/conda-forge/linux-64/libiconv-1.18-h0cb94f2_3.conda
https://conda.anaconda.org/conda-forge/linux-64/libllvm18-18.1.8-default_h99862b1_12.conda
https://conda.anaconda.org/conda-forge/linux-64/liblzma-5.8.3-hb03c661_1.conda
https://conda.anaconda.org/conda-forge/linux-64/libstdcxx-16.2.0-h934c35e_4.conda
https://conda.anaconda.org/conda-forge/linux-64/libstdcxx-ng-16.2.0-hdf11a46_4.conda
https://conda.anaconda.org/conda-forge/linux-64/libxml2-2.15.4-ha7a5771_0.conda
https://conda.anaconda.org/conda-forge/linux-64/libxml2-16-2.15.4-hbdfff7e_0.conda
https://conda.anaconda.org/conda-forge/linux-64/libzlib-1.3.2-h25fd6f3_3.conda
https://conda.anaconda.org/conda-forge/linux-64/m4-1.4.21-hb03c661_0.conda
https://conda.anaconda.org/conda-forge/linux-64/ncurses-6.6-hdb14827_1.conda
https://conda.anaconda.org/conda-forge/noarch/sysroot_linux-64-2.39-hc4b9eeb_6.conda
https://conda.anaconda.org/conda-forge/noarch/tzdata-2026c-h151e31d_0.conda
https://conda.anaconda.org/conda-forge/linux-64/zstd-1.5.7-hb78ec9c_7.conda
